// !$*UTF8*$!
{
	archiveVersion = 1;
	classes = {
	};
	objectVersion = 46;
	objects = {

/* Begin PBXBuildFile section */
		1872D88D1E3A948200A5949A /* AppDelegate.swift in Sources */ = {isa = PBXBuildFile; fileRef = 1872D88C1E3A948200A5949A /* AppDelegate.swift */; };
		1872D88F1E3A948200A5949A /* ViewController.swift in Sources */ = {isa = PBXBuildFile; fileRef = 1872D88E1E3A948200A5949A /* ViewController.swift */; };
		1872D8921E3A948200A5949A /* Main.storyboard in Resources */ = {isa = PBXBuildFile; fileRef = 1872D8901E3A948200A5949A /* Main.storyboard */; };
		1872D8941E3A948200A5949A /* Assets.xcassets in Resources */ = {isa = PBXBuildFile; fileRef = 1872D8931E3A948200A5949A /* Assets.xcassets */; };
		1872D8971E3A948200A5949A /* LaunchScreen.storyboard in Resources */ = {isa = PBXBuildFile; fileRef = 1872D8951E3A948200A5949A /* LaunchScreen.storyboard */; };
/* End PBXBuildFile section */

/* Begin PBXFileReference section */
		1872D8891E3A948200A5949A /* Hang.app */ = {isa = PBXFileReference; explicitFileType = wrapper.application; includeInIndex = 0; path = Hang.app; sourceTree = BUILT_PRODUCTS_DIR; };
		1872D88C1E3A948200A5949A /* AppDelegate.swift */ = {isa = PBXFileReference; lastKnownFileType = sourcecode.swift; path = AppDelegate.swift; sourceTree = "<group>"; };
		1872D88E1E3A948200A5949A /* ViewController.swift */ = {isa = PBXFileReference; lastKnownFileType = sourcecode.swift; path = ViewController.swift; sourceTree = "<group>"; };
		1872D8911E3A948200A5949A /* Base */ = {isa = PBXFileReference; lastKnownFileType = file.storyboard; name = Base; path = Base.lproj/Main.storyboard; sourceTree = "<group>"; };
		1872D8931E3A948200A5949A /* Assets.xcassets */ = {isa = PBXFileReference; lastKnownFileType = folder.assetcatalog; path = Assets.xcassets; sourceTree = "<group>"; };
		1872D8961E3A948200A5949A /* Base */ = {isa = PBXFileReference; lastKnownFileType = file.storyboard; name = Base; path = Base.lproj/LaunchScreen.storyboard; sourceTree = "<group>"; };
		1872D8981E3A948200A5949A /* Info.plist */ = {isa = PBXFileReference; lastKnownFileType = text.plist.xml; path = Info.plist; sourceTree = "<group>"; };
/* End PBXFileReference section */

/* Begin PBXFrameworksBuildPhase section */
		1872D8861E3A948200A5949A /* Frameworks */ = {
			isa = PBXFrameworksBuildPhase;
			buildActionMask = 2147483647;
			files = (
			);
			runOnlyForDeploymentPostprocessing = 0;
		};
/* End PBXFrameworksBuildPhase section */

/* Begin PBXGroup section */
		1872D8801E3A948200A5949A = {
			isa = PBXGroup;
			children = (
				1872D88B1E3A948200A5949A /* Hang */,
				1872D88A1E3A948200A5949A /* Products */,
			);
			sourceTree = "<group>";
		};
		1872D88A1E3A948200A5949A /* Products */ = {
			isa = PBXGroup;
			children = (
				1872D8891E3A948200A5949A /* Hang.app */,
			);
			name = Products;
			sourceTree = "<group>";
		};
		1872D88B1E3A948200A5949A /* Hang */ = {
			isa = PBXGroup;
			children = (
				1872D88C1E3A948200A5949A /* AppDelegate.swift */,
				1872D88E1E3A948200A5949A /* ViewController.swift */,
				1872D8901E3A948200A5949A /* Main.storyboard */,
				1872D8931E3A948200A5949A /* Assets.xcassets */,
				1872D8951E3A948200A5949A /* LaunchScreen.storyboard */,
				1872D8981E3A948200A5949A /* Info.plist */,
			);
			path = Hang;
			sourceTree = "<group>";
		};
/* End PBXGroup section */

/* Begin PBXNativeTarget section */
		1872D8881E3A948200A5949A /* Hang */ = {
			isa = PBXNativeTarget;
			buildConfigurationList = 1872D89B1E3A948200A5949A /* Build configuration list for PBXNativeTarget "Hang" */;
			buildPhases = (
				1872D8851E3A948200A5949A /* Sources */,
				1872D8861E3A948200A5949A /* Frameworks */,
				1872D8871E3A948200A5949A /* Resources */,
			);
			buildRules = (
			);
			dependencies = (
			);
			name = Hang;
			productName = Hang;
			productReference = 1872D8891E3A948200A5949A /* Hang.app */;
			productType = "com.apple.product-type.application";
		};
/* End PBXNativeTarget section */

/* Begin PBXProject section */
		1872D8811E3A948200A5949A /* Project object */ = {
			isa = PBXProject;
			attributes = {
				LastSwiftUpdateCheck = 0820;
				LastUpgradeCheck = 0820;
				ORGANIZATIONNAME = apple;
				TargetAttributes = {
					1872D8881E3A948200A5949A = {
						CreatedOnToolsVersion = 8.2.1;
						DevelopmentTeam = DKZMN9J99N;
						ProvisioningStyle = Automatic;
					};
				};
			};
			buildConfigurationList = 1872D8841E3A948200A5949A /* Build configuration list for PBXProject "Hang" */;
			compatibilityVersion = "Xcode 3.2";
			developmentRegion = English;
			hasScannedForEncodings = 0;
			knownRegions = (
				en,
				Base,
			);
			mainGroup = 1872D8801E3A948200A5949A;
			productRefGroup = 1872D88A1E3A948200A5949A /* Products */;
			projectDirPath = "";
			projectRoot = "";
			targets = (
				1872D8881E3A948200A5949A /* Hang */,
			);
		};
/* End PBXProject section */

/* Begin PBXResourcesBuildPhase section */
		1872D8871E3A948200A5949A /* Resources */ = {
			isa = PBXResourcesBuildPhase;
			buildActionMask = 2147483647;
			files = (
				1872D8971E3A948200A5949A /* LaunchScreen.storyboard in Resources */,
				1872D8941E3A948200A5949A /* Assets.xcassets in Resources */,
				1872D8921E3A948200A5949A /* Main.storyboard in Resources */,
			);
			runOnlyForDeploymentPostprocessing = 0;
		};
/* End PBXResourcesBuildPhase section */

/* Begin PBXSourcesBuildPhase section */
		1872D8851E3A948200A5949A /* Sources */ = {
			isa = PBXSourcesBuildPhase;
			buildActionMask = 2147483647;
			files = (
				1872D88F1E3A948200A5949A /* ViewController.swift in Sources */,
				1872D88D1E3A948200A5949A /* AppDelegate.swift in Sources */,
			);
			runOnlyForDeploymentPostprocessing = 0;
		};
/* End PBXSourcesBuildPhase section */

/* Begin PBXVariantGroup section */
		1872D8901E3A948200A5949A /* Main.storyboard */ = {
			isa = PBXVariantGroup;
			children = (
				1872D8911E3A948200A5949A /* Base */,
			);
			name = Main.storyboard;
			sourceTree = "<group>";
		};
		1872D8951E3A948200A5949A /* LaunchScreen.storyboard */ = {
			isa = PBXVariantGroup;
			children = (
				1872D8961E3A948200A5949A /* Base */,
			);
			name = LaunchScreen.storyboard;
			sourceTree = "<group>";
		};
/* End PBXVariantGroup section */

/* Begin XCBuildConfiguration section */
		1872D8991E3A948200A5949A /* Debug */ = {
			isa = XCBuildConfiguration;
			buildSettings = {
				ALWAYS_SEARCH_USER_PATHS = NO;
				CLANG_ANALYZER_NONNULL = YES;
				CLANG_CXX_LANGUAGE_STANDARD = "gnu++0x";
				CLANG_CXX_LIBRARY = "libc++";
				CLANG_ENABLE_MODULES = YES;
				CLANG_ENABLE_OBJC_ARC = YES;
				CLANG_WARN_BOOL_CONVERSION = YES;
				CLANG_WARN_CONSTANT_CONVERSION = YES;
				CLANG_WARN_DIRECT_OBJC_ISA_USAGE = YES_ERROR;
				CLANG_WARN_DOCUMENTATION_COMMENTS = YES;
				CLANG_WARN_EMPTY_BODY = YES;
				CLANG_WARN_ENUM_CONVERSION = YES;
				CLANG_WARN_INFINITE_RECURSION = YES;
				CLANG_WARN_INT_CONVERSION = YES;
				CLANG_WARN_OBJC_ROOT_CLASS = YES_ERROR;
				CLANG_WARN_SUSPICIOUS_MOVE = YES;
				CLANG_WARN_UNREACHABLE_CODE = YES;
				CLANG_WARN__DUPLICATE_METHOD_MATCH = YES;
				"CODE_SIGN_IDENTITY[sdk=iphoneos*]" = "iPhone Developer";
				COPY_PHASE_STRIP = NO;
				DEBUG_INFORMATION_FORMAT = dwarf;
				ENABLE_STRICT_OBJC_MSGSEND = YES;
				ENABLE_TESTABILITY = YES;
				GCC_C_LANGUAGE_STANDARD = gnu99;
				GCC_DYNAMIC_NO_PIC = NO;
				GCC_NO_COMMON_BLOCKS = YES;
				GCC_OPTIMIZATION_LEVEL = 0;
				GCC_PREPROCESSOR_DEFINITIONS = (
					"DEBUG=1",
					"$(inherited)",
				);
				GCC_WARN_64_TO_32_BIT_CONVERSION = YES;
				GCC_WARN_ABOUT_RETURN_TYPE = YES_ERROR;
				GCC_WARN_UNDECLARED_SELECTOR = YES;
				GCC_WARN_UNINITIALIZED_AUTOS = YES_AGGRESSIVE;
				GCC_WARN_UNUSED_FUNCTION = YES;
				GCC_WARN_UNUSED_VARIABLE = YES;
				IPHONEOS_DEPLOYMENT_TARGET = 10.2;
				MTL_ENABLE_DEBUG_INFO = YES;
				ONLY_ACTIVE_ARCH = YES;
				SDKROOT = iphoneos;
				SWIFT_ACTIVE_COMPILATION_CONDITIONS = DEBUG;
				SWIFT_OPTIMIZATION_LEVEL = "-Onone";
				TARGETED_DEVICE_FAMILY = "1,2";
			};
			name = Debug;
		};
		1872D89A1E3A948200A5949A /* Release */ = {
			isa = XCBuildConfiguration;
			buildSettings = {
				ALWAYS_SEARCH_USER_PATHS = NO;
				CLANG_ANALYZER_NONNULL = YES;
				CLANG_CXX_LANGUAGE_STANDARD = "gnu++0x";
				CLANG_CXX_LIBRARY = "libc++";
				CLANG_ENABLE_MODULES = YES;
				CLANG_ENABLE_OBJC_ARC = YES;
				CLANG_WARN_BOOL_CONVERSION = YES;
				CLANG_WARN_CONSTANT_CONVERSION = YES;
				CLANG_WARN_DIRECT_OBJC_ISA_USAGE = YES_ERROR;
				CLANG_WARN_DOCUMENTATION_COMMENTS = YES;
				CLANG_WARN_EMPTY_BODY = YES;
				CLANG_WARN_ENUM_CONVERSION = YES;
				CLANG_WARN_INFINITE_RECURSION = YES;
				CLANG_WARN_INT_CONVERSION = YES;
				CLANG_WARN_OBJC_ROOT_CLASS = YES_ERROR;
				CLANG_WARN_SUSPICIOUS_MOVE = YES;
				CLANG_WARN_UNREACHABLE_CODE = YES;
				CLANG_WARN__DUPLICATE_METHOD_MATCH = YES;
				"CODE_SIGN_IDENTITY[sdk=iphoneos*]" = "iPhone Developer";
				COPY_PHASE_STRIP = NO;
				DEBUG_INFORMATION_FORMAT = "dwarf-with-dsym";
				ENABLE_NS_ASSERTIONS = NO;
				ENABLE_STRICT_OBJC_MSGSEND = YES;
				GCC_C_LANGUAGE_STANDARD = gnu99;
				GCC_NO_COMMON_BLOCKS = YES;
				GCC_WARN_64_TO_32_BIT_CONVERSION = YES;
				GCC_WARN_ABOUT_RETURN_TYPE = YES_ERROR;
				GCC_WARN_UNDECLARED_SELECTOR = YES;
				GCC_WARN_UNINITIALIZED_AUTOS = YES_AGGRESSIVE;
				GCC_WARN_UNUSED_FUNCTION = YES;
				GCC_WARN_UNUSED_VARIABLE = YES;
				IPHONEOS_DEPLOYMENT_TARGET = 10.2;
				MTL_ENABLE_DEBUG_INFO = NO;
				SDKROOT = iphoneos;
				SWIFT_OPTIMIZATION_LEVEL = "-Owholemodule";
				TARGETED_DEVICE_FAMILY = "1,2";
				VALIDATE_PRODUCT = YES;
			};
			name = Release;
		};
		1872D89C1E3A948200A5949A /* Debug */ = {
			isa = XCBuildConfiguration;
			buildSettings = {
				ASSETCATALOG_COMPILER_APPICON_NAME = AppIcon;
				DEVELOPMENT_TEAM = DKZMN9J99N;
				INFOPLIST_FILE = Hang/Info.plist;
				LD_RUNPATH_SEARCH_PATHS = "$(inherited) @executable_path/Frameworks";
				PRODUCT_BUNDLE_IDENTIFIER = com.paullele.Hang;
				PRODUCT_NAME = "$(TARGET_NAME)";
				SWIFT_VERSION = 3.0;
			};
			name = Debug;
		};
		1872D89D1E3A948200A5949A /* Release */ = {
			isa = XCBuildConfiguration;
			buildSettings = {
				ASSETCATALOG_COMPILER_APPICON_NAME = AppIcon;
				DEVELOPMENT_TEAM = DKZMN9J99N;
				INFOPLIST_FILE = Hang/Info.plist;
				LD_RUNPATH_SEARCH_PATHS = "$(inherited) @executable_path/Frameworks";
				PRODUCT_BUNDLE_IDENTIFIER = com.paullele.Hang;
				PRODUCT_NAME = "$(TARGET_NAME)";
				SWIFT_VERSION = 3.0;
			};
			name = Release;
		};
/* End XCBuildConfiguration section */

/* Begin XCConfigurationList section */
		1872D8841E3A948200A5949A /* Build configuration list for PBXProject "Hang" */ = {
			isa = XCConfigurationList;
			buildConfigurations = (
				1872D8991E3A948200A5949A /* Debug */,
				1872D89A1E3A948200A5949A /* Release */,
			);
			defaultConfigurationIsVisible = 0;
			defaultConfigurationName = Release;
		};
		1872D89B1E3A948200A5949A /* Build configuration list for PBXNativeTarget "Hang" */ = {
			isa = XCConfigurationList;
			buildConfigurations = (
				1872D89C1E3A948200A5949A /* Debug */,
				1872D89D1E3A948200A5949A /* Release */,
			);
			defaultConfigurationIsVisible = 0;
		};
/* End XCConfigurationList section */
	};
	rootObject = 1872D8811E3A948200A5949A /* Project object */;
}
